// !$*UTF8*$!
{
	archiveVersion = 1;
	classes = {
	};
	objectVersion = 55;
	objects = {

/* Begin PBXBuildFile section */
		002224C128530A3C0058858E /* StocksPresenter.swift in Sources */ = {isa = PBXBuildFile; fileRef = 002224C028530A3C0058858E /* StocksPresenter.swift */; };
		002224C4285311FB0058858E /* NSObject+Ext.swift in Sources */ = {isa = PBXBuildFile; fileRef = 002224C3285311FB0058858E /* NSObject+Ext.swift */; };
		002224C6285312220058858E /* UIImageView+Ext.swift in Sources */ = {isa = PBXBuildFile; fileRef = 002224C5285312220058858E /* UIImageView+Ext.swift */; };
		002224C8285312960058858E /* StocksRouter.swift in Sources */ = {isa = PBXBuildFile; fileRef = 002224C7285312960058858E /* StocksRouter.swift */; };
		002224CA285313000058858E /* StockModel.swift in Sources */ = {isa = PBXBuildFile; fileRef = 002224C9285313000058858E /* StockModel.swift */; };
		002224CD2853136A0058858E /* StockResponse.swift in Sources */ = {isa = PBXBuildFile; fileRef = 002224CC2853136A0058858E /* StockResponse.swift */; };
		002224D328532F9A0058858E /* StockDetailPresenter.swift in Sources */ = {isa = PBXBuildFile; fileRef = 002224D228532F9A0058858E /* StockDetailPresenter.swift */; };
		002224D528533ADE0058858E /* TitleModel.swift in Sources */ = {isa = PBXBuildFile; fileRef = 002224D428533ADE0058858E /* TitleModel.swift */; };
		002224D928534ABA0058858E /* ChartsService.swift in Sources */ = {isa = PBXBuildFile; fileRef = 002224D828534ABA0058858E /* ChartsService.swift */; };
		002224DB2853671E0058858E /* ChartsView.swift in Sources */ = {isa = PBXBuildFile; fileRef = 002224DA2853671E0058858E /* ChartsView.swift */; };
		002224DD2853691E0058858E /* ChartsResponse.swift in Sources */ = {isa = PBXBuildFile; fileRef = 002224DC2853691E0058858E /* ChartsResponse.swift */; };
		006796192850C9E200B442F9 /* StockCell.swift in Sources */ = {isa = PBXBuildFile; fileRef = 006796182850C9E200B442F9 /* StockCell.swift */; };
		006796242851C62E00B442F9 /* Router.swift in Sources */ = {isa = PBXBuildFile; fileRef = 006796232851C62E00B442F9 /* Router.swift */; };
		006796272851C82400B442F9 /* NetworkError.swift in Sources */ = {isa = PBXBuildFile; fileRef = 006796262851C82400B442F9 /* NetworkError.swift */; };
		006796292851C85600B442F9 /* HTTPMethod.swift in Sources */ = {isa = PBXBuildFile; fileRef = 006796282851C85600B442F9 /* HTTPMethod.swift */; };
		0067962B2851C9B400B442F9 /* NetworkService.swift in Sources */ = {isa = PBXBuildFile; fileRef = 0067962A2851C9B400B442F9 /* NetworkService.swift */; };
		0067962E2851CBC600B442F9 /* StocksService.swift in Sources */ = {isa = PBXBuildFile; fileRef = 0067962D2851CBC600B442F9 /* StocksService.swift */; };
		006796302852049A00B442F9 /* StockDetailViewController.swift in Sources */ = {isa = PBXBuildFile; fileRef = 0067962F2852049A00B442F9 /* StockDetailViewController.swift */; };
		006796322852056000B442F9 /* StockDetailView.swift in Sources */ = {isa = PBXBuildFile; fileRef = 006796312852056000B442F9 /* StockDetailView.swift */; };
		00679635285226F400B442F9 /* DetailTitleView.swift in Sources */ = {isa = PBXBuildFile; fileRef = 00679634285226F400B442F9 /* DetailTitleView.swift */; };
		0067963C285236E500B442F9 /* ModuleBuilder.swift in Sources */ = {isa = PBXBuildFile; fileRef = 0067963B285236E500B442F9 /* ModuleBuilder.swift */; };
		00A8E0962850B681007B0913 /* AppDelegate.swift in Sources */ = {isa = PBXBuildFile; fileRef = 00A8E0952850B681007B0913 /* AppDelegate.swift */; };
		00A8E09A2850B681007B0913 /* StocksViewController.swift in Sources */ = {isa = PBXBuildFile; fileRef = 00A8E0992850B681007B0913 /* StocksViewController.swift */; };
		00A8E09F2850B683007B0913 /* Assets.xcassets in Resources */ = {isa = PBXBuildFile; fileRef = 00A8E09E2850B683007B0913 /* Assets.xcassets */; };
		00A8E0A22850B683007B0913 /* LaunchScreen.storyboard in Resources */ = {isa = PBXBuildFile; fileRef = 00A8E0A02850B683007B0913 /* LaunchScreen.storyboard */; };
		00D1FCC72854624C0054B61C /* FavoritesService.swift in Sources */ = {isa = PBXBuildFile; fileRef = 00D1FCC62854624C0054B61C /* FavoritesService.swift */; };
		00D1FCC928546B6E0054B61C /* UserDefaultsFavoritesService.swift in Sources */ = {isa = PBXBuildFile; fileRef = 00D1FCC828546B6E0054B61C /* UserDefaultsFavoritesService.swift */; };
		00D1FCCB28546B7F0054B61C /* FileManagerFavoritesService.swift in Sources */ = {isa = PBXBuildFile; fileRef = 00D1FCCA28546B7F0054B61C /* FileManagerFavoritesService.swift */; };
		00D1FCCD28547CD20054B61C /* FavoritesUpdateService.swift in Sources */ = {isa = PBXBuildFile; fileRef = 00D1FCCC28547CD20054B61C /* FavoritesUpdateService.swift */; };
/* End PBXBuildFile section */

/* Begin PBXFileReference section */
		002224C028530A3C0058858E /* StocksPresenter.swift */ = {isa = PBXFileReference; lastKnownFileType = sourcecode.swift; path = StocksPresenter.swift; sourceTree = "<group>"; };
		002224C3285311FB0058858E /* NSObject+Ext.swift */ = {isa = PBXFileReference; lastKnownFileType = sourcecode.swift; path = "NSObject+Ext.swift"; sourceTree = "<group>"; };
		002224C5285312220058858E /* UIImageView+Ext.swift */ = {isa = PBXFileReference; lastKnownFileType = sourcecode.swift; path = "UIImageView+Ext.swift"; sourceTree = "<group>"; };
		002224C7285312960058858E /* StocksRouter.swift */ = {isa = PBXFileReference; lastKnownFileType = sourcecode.swift; path = StocksRouter.swift; sourceTree = "<group>"; };
		002224C9285313000058858E /* StockModel.swift */ = {isa = PBXFileReference; lastKnownFileType = sourcecode.swift; path = StockModel.swift; sourceTree = "<group>"; };
		002224CC2853136A0058858E /* StockResponse.swift */ = {isa = PBXFileReference; lastKnownFileType = sourcecode.swift; path = StockResponse.swift; sourceTree = "<group>"; };
		002224D228532F9A0058858E /* StockDetailPresenter.swift */ = {isa = PBXFileReference; lastKnownFileType = sourcecode.swift; path = StockDetailPresenter.swift; sourceTree = "<group>"; };
		002224D428533ADE0058858E /* TitleModel.swift */ = {isa = PBXFileReference; lastKnownFileType = sourcecode.swift; path = TitleModel.swift; sourceTree = "<group>"; };
		002224D828534ABA0058858E /* ChartsService.swift */ = {isa = PBXFileReference; lastKnownFileType = sourcecode.swift; path = ChartsService.swift; sourceTree = "<group>"; };
		002224DA2853671E0058858E /* ChartsView.swift */ = {isa = PBXFileReference; lastKnownFileType = sourcecode.swift; path = ChartsView.swift; sourceTree = "<group>"; };
		002224DC2853691E0058858E /* ChartsResponse.swift */ = {isa = PBXFileReference; lastKnownFileType = sourcecode.swift; path = ChartsResponse.swift; sourceTree = "<group>"; };
		006796182850C9E200B442F9 /* StockCell.swift */ = {isa = PBXFileReference; lastKnownFileType = sourcecode.swift; path = StockCell.swift; sourceTree = "<group>"; };
		006796232851C62E00B442F9 /* Router.swift */ = {isa = PBXFileReference; lastKnownFileType = sourcecode.swift; path = Router.swift; sourceTree = "<group>"; };
		006796262851C82400B442F9 /* NetworkError.swift */ = {isa = PBXFileReference; lastKnownFileType = sourcecode.swift; path = NetworkError.swift; sourceTree = "<group>"; };
		006796282851C85600B442F9 /* HTTPMethod.swift */ = {isa = PBXFileReference; lastKnownFileType = sourcecode.swift; path = HTTPMethod.swift; sourceTree = "<group>"; };
		0067962A2851C9B400B442F9 /* NetworkService.swift */ = {isa = PBXFileReference; lastKnownFileType = sourcecode.swift; path = NetworkService.swift; sourceTree = "<group>"; };
		0067962D2851CBC600B442F9 /* StocksService.swift */ = {isa = PBXFileReference; lastKnownFileType = sourcecode.swift; path = StocksService.swift; sourceTree = "<group>"; };
		0067962F2852049A00B442F9 /* StockDetailViewController.swift */ = {isa = PBXFileReference; lastKnownFileType = sourcecode.swift; path = StockDetailViewController.swift; sourceTree = "<group>"; };
		006796312852056000B442F9 /* StockDetailView.swift */ = {isa = PBXFileReference; lastKnownFileType = sourcecode.swift; path = StockDetailView.swift; sourceTree = "<group>"; };
		00679634285226F400B442F9 /* DetailTitleView.swift */ = {isa = PBXFileReference; lastKnownFileType = sourcecode.swift; path = DetailTitleView.swift; sourceTree = "<group>"; };
		0067963B285236E500B442F9 /* ModuleBuilder.swift */ = {isa = PBXFileReference; lastKnownFileType = sourcecode.swift; path = ModuleBuilder.swift; sourceTree = "<group>"; };
		00A8E0922850B681007B0913 /* StocksApp.app */ = {isa = PBXFileReference; explicitFileType = wrapper.application; includeInIndex = 0; path = StocksApp.app; sourceTree = BUILT_PRODUCTS_DIR; };
		00A8E0952850B681007B0913 /* AppDelegate.swift */ = {isa = PBXFileReference; lastKnownFileType = sourcecode.swift; path = AppDelegate.swift; sourceTree = "<group>"; };
		00A8E0992850B681007B0913 /* StocksViewController.swift */ = {isa = PBXFileReference; lastKnownFileType = sourcecode.swift; path = StocksViewController.swift; sourceTree = "<group>"; };
		00A8E09E2850B683007B0913 /* Assets.xcassets */ = {isa = PBXFileReference; lastKnownFileType = folder.assetcatalog; path = Assets.xcassets; sourceTree = "<group>"; };
		00A8E0A12850B683007B0913 /* Base */ = {isa = PBXFileReference; lastKnownFileType = file.storyboard; name = Base; path = Base.lproj/LaunchScreen.storyboard; sourceTree = "<group>"; };
		00A8E0A32850B683007B0913 /* Info.plist */ = {isa = PBXFileReference; lastKnownFileType = text.plist.xml; path = Info.plist; sourceTree = "<group>"; };
		00D1FCC62854624C0054B61C /* FavoritesService.swift */ = {isa = PBXFileReference; lastKnownFileType = sourcecode.swift; path = FavoritesService.swift; sourceTree = "<group>"; };
		00D1FCC828546B6E0054B61C /* UserDefaultsFavoritesService.swift */ = {isa = PBXFileReference; lastKnownFileType = sourcecode.swift; path = UserDefaultsFavoritesService.swift; sourceTree = "<group>"; };
		00D1FCCA28546B7F0054B61C /* FileManagerFavoritesService.swift */ = {isa = PBXFileReference; lastKnownFileType = sourcecode.swift; path = FileManagerFavoritesService.swift; sourceTree = "<group>"; };
		00D1FCCC28547CD20054B61C /* FavoritesUpdateService.swift */ = {isa = PBXFileReference; lastKnownFileType = sourcecode.swift; path = FavoritesUpdateService.swift; sourceTree = "<group>"; };
/* End PBXFileReference section */

/* Begin PBXFrameworksBuildPhase section */
		00A8E08F2850B681007B0913 /* Frameworks */ = {
			isa = PBXFrameworksBuildPhase;
			buildActionMask = 2147483647;
			files = (
			);
			runOnlyForDeploymentPostprocessing = 0;
		};
/* End PBXFrameworksBuildPhase section */

/* Begin PBXGroup section */
		002224C2285311CC0058858E /* Extensions */ = {
			isa = PBXGroup;
			children = (
				002224C3285311FB0058858E /* NSObject+Ext.swift */,
				002224C5285312220058858E /* UIImageView+Ext.swift */,
			);
			path = Extensions;
			sourceTree = "<group>";
		};
		0067961A2851C10000B442F9 /* Screens */ = {
			isa = PBXGroup;
			children = (
				0067961B2851C12200B442F9 /* StocksScreen */,
			);
			path = Screens;
			sourceTree = "<group>";
		};
		0067961B2851C12200B442F9 /* StocksScreen */ = {
			isa = PBXGroup;
			children = (
				0067963328521EEC00B442F9 /* StockDetailScreen */,
				0067963628522BBE00B442F9 /* StocksListScreen */,
			);
			path = StocksScreen;
			sourceTree = "<group>";
		};
		0067961C2851C13100B442F9 /* Model */ = {
			isa = PBXGroup;
			children = (
				002224C9285313000058858E /* StockModel.swift */,
			);
			path = Model;
			sourceTree = "<group>";
		};
		0067961D2851C13700B442F9 /* View */ = {
			isa = PBXGroup;
			children = (
				00A8E0992850B681007B0913 /* StocksViewController.swift */,
				0067961F2851C16200B442F9 /* Cell */,
			);
			path = View;
			sourceTree = "<group>";
		};
		0067961E2851C13C00B442F9 /* Presenter */ = {
			isa = PBXGroup;
			children = (
				002224C028530A3C0058858E /* StocksPresenter.swift */,
			);
			path = Presenter;
			sourceTree = "<group>";
		};
		0067961F2851C16200B442F9 /* Cell */ = {
			isa = PBXGroup;
			children = (
				006796182850C9E200B442F9 /* StockCell.swift */,
			);
			path = Cell;
			sourceTree = "<group>";
		};
		006796212851C1B300B442F9 /* Services */ = {
			isa = PBXGroup;
			children = (
				00D1FCC5285462340054B61C /* FavoritesService */,
				006796222851C1BA00B442F9 /* NetworkService */,
			);
			path = Services;
			sourceTree = "<group>";
		};
		006796222851C1BA00B442F9 /* NetworkService */ = {
			isa = PBXGroup;
			children = (
				006796282851C85600B442F9 /* HTTPMethod.swift */,
				006796262851C82400B442F9 /* NetworkError.swift */,
				0067962A2851C9B400B442F9 /* NetworkService.swift */,
				006796232851C62E00B442F9 /* Router.swift */,
			);
			path = NetworkService;
			sourceTree = "<group>";
		};
		0067962C2851CBAC00B442F9 /* Service */ = {
			isa = PBXGroup;
			children = (
				002224CC2853136A0058858E /* StockResponse.swift */,
				002224C7285312960058858E /* StocksRouter.swift */,
				0067962D2851CBC600B442F9 /* StocksService.swift */,
			);
			path = Service;
			sourceTree = "<group>";
		};
		0067963328521EEC00B442F9 /* StockDetailScreen */ = {
			isa = PBXGroup;
			children = (
				0067963A28522C0B00B442F9 /* Model */,
				0067963828522C0100B442F9 /* Presenter */,
				0067963928522C0600B442F9 /* Service */,
				0067963728522BFB00B442F9 /* View */,
			);
			path = StockDetailScreen;
			sourceTree = "<group>";
		};
		0067963628522BBE00B442F9 /* StocksListScreen */ = {
			isa = PBXGroup;
			children = (
				0067961C2851C13100B442F9 /* Model */,
				0067961E2851C13C00B442F9 /* Presenter */,
				0067962C2851CBAC00B442F9 /* Service */,
				0067961D2851C13700B442F9 /* View */,
			);
			path = StocksListScreen;
			sourceTree = "<group>";
		};
		0067963728522BFB00B442F9 /* View */ = {
			isa = PBXGroup;
			children = (
				002224DA2853671E0058858E /* ChartsView.swift */,
				00679634285226F400B442F9 /* DetailTitleView.swift */,
				006796312852056000B442F9 /* StockDetailView.swift */,
				0067962F2852049A00B442F9 /* StockDetailViewController.swift */,
			);
			path = View;
			sourceTree = "<group>";
		};
		0067963828522C0100B442F9 /* Presenter */ = {
			isa = PBXGroup;
			children = (
				002224D228532F9A0058858E /* StockDetailPresenter.swift */,
			);
			path = Presenter;
			sourceTree = "<group>";
		};
		0067963928522C0600B442F9 /* Service */ = {
			isa = PBXGroup;
			children = (
				002224DC2853691E0058858E /* ChartsResponse.swift */,
				002224D828534ABA0058858E /* ChartsService.swift */,
			);
			path = Service;
			sourceTree = "<group>";
		};
		0067963A28522C0B00B442F9 /* Model */ = {
			isa = PBXGroup;
			children = (
				002224D428533ADE0058858E /* TitleModel.swift */,
			);
			path = Model;
			sourceTree = "<group>";
		};
		0067963D2852426A00B442F9 /* Application */ = {
			isa = PBXGroup;
			children = (
				00A8E0952850B681007B0913 /* AppDelegate.swift */,
				00A8E0A02850B683007B0913 /* LaunchScreen.storyboard */,
				00A8E0A32850B683007B0913 /* Info.plist */,
			);
			path = Application;
			sourceTree = "<group>";
		};
		0067963E285242B100B442F9 /* Resources */ = {
			isa = PBXGroup;
			children = (
				00A8E09E2850B683007B0913 /* Assets.xcassets */,
			);
			path = Resources;
			sourceTree = "<group>";
		};
		0067963F285242D400B442F9 /* Core */ = {
			isa = PBXGroup;
			children = (
				002224C2285311CC0058858E /* Extensions */,
				006796212851C1B300B442F9 /* Services */,
				0067963B285236E500B442F9 /* ModuleBuilder.swift */,
			);
			path = Core;
			sourceTree = "<group>";
		};
		00A8E0892850B681007B0913 = {
			isa = PBXGroup;
			children = (
				00A8E0942850B681007B0913 /* StocksApp */,
				00A8E0932850B681007B0913 /* Products */,
			);
			sourceTree = "<group>";
		};
		00A8E0932850B681007B0913 /* Products */ = {
			isa = PBXGroup;
			children = (
				00A8E0922850B681007B0913 /* StocksApp.app */,
			);
			name = Products;
			sourceTree = "<group>";
		};
		00A8E0942850B681007B0913 /* StocksApp */ = {
			isa = PBXGroup;
			children = (
				0067963D2852426A00B442F9 /* Application */,
				0067963F285242D400B442F9 /* Core */,
				0067963E285242B100B442F9 /* Resources */,
				0067961A2851C10000B442F9 /* Screens */,
			);
			path = StocksApp;
			sourceTree = "<group>";
		};
		00D1FCC5285462340054B61C /* FavoritesService */ = {
			isa = PBXGroup;
			children = (
				00D1FCC62854624C0054B61C /* FavoritesService.swift */,
				00D1FCCA28546B7F0054B61C /* FileManagerFavoritesService.swift */,
				00D1FCC828546B6E0054B61C /* UserDefaultsFavoritesService.swift */,
				00D1FCCC28547CD20054B61C /* FavoritesUpdateService.swift */,
			);
			path = FavoritesService;
			sourceTree = "<group>";
		};
/* End PBXGroup section */

/* Begin PBXNativeTarget section */
		00A8E0912850B681007B0913 /* StocksApp */ = {
			isa = PBXNativeTarget;
			buildConfigurationList = 00A8E0A62850B683007B0913 /* Build configuration list for PBXNativeTarget "StocksApp" */;
			buildPhases = (
				00A8E08E2850B681007B0913 /* Sources */,
				00A8E08F2850B681007B0913 /* Frameworks */,
				00A8E0902850B681007B0913 /* Resources */,
			);
			buildRules = (
			);
			dependencies = (
			);
			name = StocksApp;
			productName = StocksApp;
			productReference = 00A8E0922850B681007B0913 /* StocksApp.app */;
			productType = "com.apple.product-type.application";
		};
/* End PBXNativeTarget section */

/* Begin PBXProject section */
		00A8E08A2850B681007B0913 /* Project object */ = {
			isa = PBXProject;
			attributes = {
				BuildIndependentTargetsInParallel = 1;
				LastSwiftUpdateCheck = 1340;
				LastUpgradeCheck = 1340;
				TargetAttributes = {
					00A8E0912850B681007B0913 = {
						CreatedOnToolsVersion = 13.4.1;
					};
				};
			};
			buildConfigurationList = 00A8E08D2850B681007B0913 /* Build configuration list for PBXProject "StocksApp" */;
			compatibilityVersion = "Xcode 13.0";
			developmentRegion = en;
			hasScannedForEncodings = 0;
			knownRegions = (
				en,
				Base,
			);
			mainGroup = 00A8E0892850B681007B0913;
			productRefGroup = 00A8E0932850B681007B0913 /* Products */;
			projectDirPath = "";
			projectRoot = "";
			targets = (
				00A8E0912850B681007B0913 /* StocksApp */,
			);
		};
/* End PBXProject section */

/* Begin PBXResourcesBuildPhase section */
		00A8E0902850B681007B0913 /* Resources */ = {
			isa = PBXResourcesBuildPhase;
			buildActionMask = 2147483647;
			files = (
				00A8E0A22850B683007B0913 /* LaunchScreen.storyboard in Resources */,
				00A8E09F2850B683007B0913 /* Assets.xcassets in Resources */,
			);
			runOnlyForDeploymentPostprocessing = 0;
		};
/* End PBXResourcesBuildPhase section */

/* Begin PBXSourcesBuildPhase section */
		00A8E08E2850B681007B0913 /* Sources */ = {
			isa = PBXSourcesBuildPhase;
			buildActionMask = 2147483647;
			files = (
				006796242851C62E00B442F9 /* Router.swift in Sources */,
				002224CD2853136A0058858E /* StockResponse.swift in Sources */,
				002224D328532F9A0058858E /* StockDetailPresenter.swift in Sources */,
				00A8E09A2850B681007B0913 /* StocksViewController.swift in Sources */,
				006796292851C85600B442F9 /* HTTPMethod.swift in Sources */,
				00D1FCC928546B6E0054B61C /* UserDefaultsFavoritesService.swift in Sources */,
				0067963C285236E500B442F9 /* ModuleBuilder.swift in Sources */,
				002224C128530A3C0058858E /* StocksPresenter.swift in Sources */,
				002224C8285312960058858E /* StocksRouter.swift in Sources */,
				00D1FCCB28546B7F0054B61C /* FileManagerFavoritesService.swift in Sources */,
				00A8E0962850B681007B0913 /* AppDelegate.swift in Sources */,
				002224C6285312220058858E /* UIImageView+Ext.swift in Sources */,
				00D1FCCD28547CD20054B61C /* FavoritesUpdateService.swift in Sources */,
				002224D528533ADE0058858E /* TitleModel.swift in Sources */,
				002224CA285313000058858E /* StockModel.swift in Sources */,
				002224D928534ABA0058858E /* ChartsService.swift in Sources */,
				006796192850C9E200B442F9 /* StockCell.swift in Sources */,
				00679635285226F400B442F9 /* DetailTitleView.swift in Sources */,
				006796272851C82400B442F9 /* NetworkError.swift in Sources */,
				006796322852056000B442F9 /* StockDetailView.swift in Sources */,
				006796302852049A00B442F9 /* StockDetailViewController.swift in Sources */,
				002224C4285311FB0058858E /* NSObject+Ext.swift in Sources */,
				0067962E2851CBC600B442F9 /* StocksService.swift in Sources */,
				0067962B2851C9B400B442F9 /* NetworkService.swift in Sources */,
				00D1FCC72854624C0054B61C /* FavoritesService.swift in Sources */,
				002224DD2853691E0058858E /* ChartsResponse.swift in Sources */,
				002224DB2853671E0058858E /* ChartsView.swift in Sources */,
			);
			runOnlyForDeploymentPostprocessing = 0;
		};
/* End PBXSourcesBuildPhase section */

/* Begin PBXVariantGroup section */
		00A8E0A02850B683007B0913 /* LaunchScreen.storyboard */ = {
			isa = PBXVariantGroup;
			children = (
				00A8E0A12850B683007B0913 /* Base */,
			);
			name = LaunchScreen.storyboard;
			sourceTree = "<group>";
		};
/* End PBXVariantGroup section */

/* Begin XCBuildConfiguration section */
		00A8E0A42850B683007B0913 /* Debug */ = {
			isa = XCBuildConfiguration;
			buildSettings = {
				ALWAYS_SEARCH_USER_PATHS = NO;
				CLANG_ANALYZER_NONNULL = YES;
				CLANG_ANALYZER_NUMBER_OBJECT_CONVERSION = YES_AGGRESSIVE;
				CLANG_CXX_LANGUAGE_STANDARD = "gnu++17";
				CLANG_ENABLE_MODULES = YES;
				CLANG_ENABLE_OBJC_ARC = YES;
				CLANG_ENABLE_OBJC_WEAK = YES;
				CLANG_WARN_BLOCK_CAPTURE_AUTORELEASING = YES;
				CLANG_WARN_BOOL_CONVERSION = YES;
				CLANG_WARN_COMMA = YES;
				CLANG_WARN_CONSTANT_CONVERSION = YES;
				CLANG_WARN_DEPRECATED_OBJC_IMPLEMENTATIONS = YES;
				CLANG_WARN_DIRECT_OBJC_ISA_USAGE = YES_ERROR;
				CLANG_WARN_DOCUMENTATION_COMMENTS = YES;
				CLANG_WARN_EMPTY_BODY = YES;
				CLANG_WARN_ENUM_CONVERSION = YES;
				CLANG_WARN_INFINITE_RECURSION = YES;
				CLANG_WARN_INT_CONVERSION = YES;
				CLANG_WARN_NON_LITERAL_NULL_CONVERSION = YES;
				CLANG_WARN_OBJC_IMPLICIT_RETAIN_SELF = YES;
				CLANG_WARN_OBJC_LITERAL_CONVERSION = YES;
				CLANG_WARN_OBJC_ROOT_CLASS = YES_ERROR;
				CLANG_WARN_QUOTED_INCLUDE_IN_FRAMEWORK_HEADER = YES;
				CLANG_WARN_RANGE_LOOP_ANALYSIS = YES;
				CLANG_WARN_STRICT_PROTOTYPES = YES;
				CLANG_WARN_SUSPICIOUS_MOVE = YES;
				CLANG_WARN_UNGUARDED_AVAILABILITY = YES_AGGRESSIVE;
				CLANG_WARN_UNREACHABLE_CODE = YES;
				CLANG_WARN__DUPLICATE_METHOD_MATCH = YES;
				COPY_PHASE_STRIP = NO;
				DEBUG_INFORMATION_FORMAT = dwarf;
				ENABLE_STRICT_OBJC_MSGSEND = YES;
				ENABLE_TESTABILITY = YES;
				GCC_C_LANGUAGE_STANDARD = gnu11;
				GCC_DYNAMIC_NO_PIC = NO;
				GCC_NO_COMMON_BLOCKS = YES;
				GCC_OPTIMIZATION_LEVEL = 0;
				GCC_PREPROCESSOR_DEFINITIONS = (
					"DEBUG=1",
					"$(inherited)",
				);
				GCC_WARN_64_TO_32_BIT_CONVERSION = YES;
				GCC_WARN_ABOUT_RETURN_TYPE = YES_ERROR;
				GCC_WARN_UNDECLARED_SELECTOR = YES;
				GCC_WARN_UNINITIALIZED_AUTOS = YES_AGGRESSIVE;
				GCC_WARN_UNUSED_FUNCTION = YES;
				GCC_WARN_UNUSED_VARIABLE = YES;
				IPHONEOS_DEPLOYMENT_TARGET = 15.5;
				MTL_ENABLE_DEBUG_INFO = INCLUDE_SOURCE;
				MTL_FAST_MATH = YES;
				ONLY_ACTIVE_ARCH = YES;
				SDKROOT = iphoneos;
				SWIFT_ACTIVE_COMPILATION_CONDITIONS = DEBUG;
				SWIFT_OPTIMIZATION_LEVEL = "-Onone";
			};
			name = Debug;
		};
		00A8E0A52850B683007B0913 /* Release */ = {
			isa = XCBuildConfiguration;
			buildSettings = {
				ALWAYS_SEARCH_USER_PATHS = NO;
				CLANG_ANALYZER_NONNULL = YES;
				CLANG_ANALYZER_NUMBER_OBJECT_CONVERSION = YES_AGGRESSIVE;
				CLANG_CXX_LANGUAGE_STANDARD = "gnu++17";
				CLANG_ENABLE_MODULES = YES;
				CLANG_ENABLE_OBJC_ARC = YES;
				CLANG_ENABLE_OBJC_WEAK = YES;
				CLANG_WARN_BLOCK_CAPTURE_AUTORELEASING = YES;
				CLANG_WARN_BOOL_CONVERSION = YES;
				CLANG_WARN_COMMA = YES;
				CLANG_WARN_CONSTANT_CONVERSION = YES;
				CLANG_WARN_DEPRECATED_OBJC_IMPLEMENTATIONS = YES;
				CLANG_WARN_DIRECT_OBJC_ISA_USAGE = YES_ERROR;
				CLANG_WARN_DOCUMENTATION_COMMENTS = YES;
				CLANG_WARN_EMPTY_BODY = YES;
				CLANG_WARN_ENUM_CONVERSION = YES;
				CLANG_WARN_INFINITE_RECURSION = YES;
				CLANG_WARN_INT_CONVERSION = YES;
				CLANG_WARN_NON_LITERAL_NULL_CONVERSION = YES;
				CLANG_WARN_OBJC_IMPLICIT_RETAIN_SELF = YES;
				CLANG_WARN_OBJC_LITERAL_CONVERSION = YES;
				CLANG_WARN_OBJC_ROOT_CLASS = YES_ERROR;
				CLANG_WARN_QUOTED_INCLUDE_IN_FRAMEWORK_HEADER = YES;
				CLANG_WARN_RANGE_LOOP_ANALYSIS = YES;
				CLANG_WARN_STRICT_PROTOTYPES = YES;
				CLANG_WARN_SUSPICIOUS_MOVE = YES;
				CLANG_WARN_UNGUARDED_AVAILABILITY = YES_AGGRESSIVE;
				CLANG_WARN_UNREACHABLE_CODE = YES;
				CLANG_WARN__DUPLICATE_METHOD_MATCH = YES;
				COPY_PHASE_STRIP = NO;
				DEBUG_INFORMATION_FORMAT = "dwarf-with-dsym";
				ENABLE_NS_ASSERTIONS = NO;
				ENABLE_STRICT_OBJC_MSGSEND = YES;
				GCC_C_LANGUAGE_STANDARD = gnu11;
				GCC_NO_COMMON_BLOCKS = YES;
				GCC_WARN_64_TO_32_BIT_CONVERSION = YES;
				GCC_WARN_ABOUT_RETURN_TYPE = YES_ERROR;
				GCC_WARN_UNDECLARED_SELECTOR = YES;
				GCC_WARN_UNINITIALIZED_AUTOS = YES_AGGRESSIVE;
				GCC_WARN_UNUSED_FUNCTION = YES;
				GCC_WARN_UNUSED_VARIABLE = YES;
				IPHONEOS_DEPLOYMENT_TARGET = 15.5;
				MTL_ENABLE_DEBUG_INFO = NO;
				MTL_FAST_MATH = YES;
				SDKROOT = iphoneos;
				SWIFT_COMPILATION_MODE = wholemodule;
				SWIFT_OPTIMIZATION_LEVEL = "-O";
				VALIDATE_PRODUCT = YES;
			};
			name = Release;
		};
		00A8E0A72850B683007B0913 /* Debug */ = {
			isa = XCBuildConfiguration;
			buildSettings = {
				ASSETCATALOG_COMPILER_APPICON_NAME = AppIcon;
				ASSETCATALOG_COMPILER_GLOBAL_ACCENT_COLOR_NAME = AccentColor;
				CODE_SIGN_STYLE = Automatic;
				CURRENT_PROJECT_VERSION = 1;
				DEVELOPMENT_TEAM = 7ZQ39JPT94;
				GENERATE_INFOPLIST_FILE = YES;
				INFOPLIST_FILE = StocksApp/Application/Info.plist;
				INFOPLIST_KEY_UIApplicationSupportsIndirectInputEvents = YES;
				INFOPLIST_KEY_UILaunchStoryboardName = LaunchScreen;
				INFOPLIST_KEY_UISupportedInterfaceOrientations_iPad = "UIInterfaceOrientationPortrait UIInterfaceOrientationPortraitUpsideDown UIInterfaceOrientationLandscapeLeft UIInterfaceOrientationLandscapeRight";
				INFOPLIST_KEY_UISupportedInterfaceOrientations_iPhone = "UIInterfaceOrientationPortrait UIInterfaceOrientationLandscapeLeft UIInterfaceOrientationLandscapeRight";
				LD_RUNPATH_SEARCH_PATHS = (
					"$(inherited)",
					"@executable_path/Frameworks",
				);
				MARKETING_VERSION = 1.0;
				PRODUCT_BUNDLE_IDENTIFIER = ss.StocksApp;
				PRODUCT_NAME = "$(TARGET_NAME)";
				SWIFT_EMIT_LOC_STRINGS = YES;
				SWIFT_VERSION = 5.0;
				TARGETED_DEVICE_FAMILY = "1,2";
			};
			name = Debug;
		};
		00A8E0A82850B683007B0913 /* Release */ = {
			isa = XCBuildConfiguration;
			buildSettings = {
				ASSETCATALOG_COMPILER_APPICON_NAME = AppIcon;
				ASSETCATALOG_COMPILER_GLOBAL_ACCENT_COLOR_NAME = AccentColor;
				CODE_SIGN_STYLE = Automatic;
				CURRENT_PROJECT_VERSION = 1;
				DEVELOPMENT_TEAM = 7ZQ39JPT94;
				GENERATE_INFOPLIST_FILE = YES;
				INFOPLIST_FILE = StocksApp/Application/Info.plist;
				INFOPLIST_KEY_UIApplicationSupportsIndirectInputEvents = YES;
				INFOPLIST_KEY_UILaunchStoryboardName = LaunchScreen;
				INFOPLIST_KEY_UISupportedInterfaceOrientations_iPad = "UIInterfaceOrientationPortrait UIInterfaceOrientationPortraitUpsideDown UIInterfaceOrientationLandscapeLeft UIInterfaceOrientationLandscapeRight";
				INFOPLIST_KEY_UISupportedInterfaceOrientations_iPhone = "UIInterfaceOrientationPortrait UIInterfaceOrientationLandscapeLeft UIInterfaceOrientationLandscapeRight";
				LD_RUNPATH_SEARCH_PATHS = (
					"$(inherited)",
					"@executable_path/Frameworks",
				);
				MARKETING_VERSION = 1.0;
				PRODUCT_BUNDLE_IDENTIFIER = ss.StocksApp;
				PRODUCT_NAME = "$(TARGET_NAME)";
				SWIFT_EMIT_LOC_STRINGS = YES;
				SWIFT_VERSION = 5.0;
				TARGETED_DEVICE_FAMILY = "1,2";
			};
			name = Release;
		};
/* End XCBuildConfiguration section */

/* Begin XCConfigurationList section */
		00A8E08D2850B681007B0913 /* Build configuration list for PBXProject "StocksApp" */ = {
			isa = XCConfigurationList;
			buildConfigurations = (
				00A8E0A42850B683007B0913 /* Debug */,
				00A8E0A52850B683007B0913 /* Release */,
			);
			defaultConfigurationIsVisible = 0;
			defaultConfigurationName = Release;
		};
		00A8E0A62850B683007B0913 /* Build configuration list for PBXNativeTarget "StocksApp" */ = {
			isa = XCConfigurationList;
			buildConfigurations = (
				00A8E0A72850B683007B0913 /* Debug */,
				00A8E0A82850B683007B0913 /* Release */,
			);
			defaultConfigurationIsVisible = 0;
			defaultConfigurationName = Release;
		};
/* End XCConfigurationList section */
	};
	rootObject = 00A8E08A2850B681007B0913 /* Project object */;
}
